# This file is generated by running "yarn install" inside your project.
# Manual changes might be lost - proceed with caution!

__metadata:
  version: 6
  cacheKey: 8

"redux@npm:^5.0.1":
  version: 5.0.1
  resolution: "redux@npm:5.0.1"
  checksum: e74affa9009dd5d994878b9a1ce30d6569d986117175056edb003de2651c05b10fe7819d6fa94aea1a94de9a82f252f986547f007a2fbeb35c317a2e5f5ecf2c
  languageName: node
  linkType: hard

"redux@workspace:.":
  version: 0.0.0-use.local
  resolution: "redux@workspace:."
  dependencies:
    redux: ^5.0.1
  languageName: unknown
  linkType: soft
